
Microsoft Visual Studio Solution File, Format Version 12.00
# Visual Studio Version 17
VisualStudioVersion = 17.11.35219.272
MinimumVisualStudioVersion = 10.0.40219.1
Project("{FAE04EC0-301F-11D3-BF4B-00C04F79EFBC}") = "TicTacToe", "TicTacToe\TicTacToe.csproj", "{5CD50985-C316-4043-880E-CD11E1ED441D}"
EndProject
Global
	GlobalSection(SolutionConfigurationPlatforms) = preSolution
		Debug|Any CPU = Debug|Any CPU
		Release|Any CPU = Release|Any CPU
	EndGlobalSection
	GlobalSection(ProjectConfigurationPlatforms) = postSolution
		{5CD50985-C316-4043-880E-CD11E1ED441D}.Debug|Any CPU.ActiveCfg = Debug|Any CPU
		{5CD50985-C316-4043-880E-CD11E1ED441D}.Debug|Any CPU.Build.0 = Debug|Any CPU
		{5CD50985-C316-4043-880E-CD11E1ED441D}.Release|Any CPU.ActiveCfg = Release|Any CPU
		{5CD50985-C316-4043-880E-CD11E1ED441D}.Release|Any CPU.Build.0 = Release|Any CPU
	EndGlobalSection
	GlobalSection(SolutionProperties) = preSolution
		HideSolutionNode = FALSE
	EndGlobalSection
	GlobalSection(ExtensibilityGlobals) = postSolution
		SolutionGuid = {23DC594B-55FB-4592-A68E-EA1EEAC332E8}
	EndGlobalSection
EndGlobal
